// !$*UTF8*$!
{
	archiveVersion = 1;
	classes = {
	};
	objectVersion = 90;
	objects = {

/* Begin PBXBuildFile section */
		A10000000000000000000013 /* TallyWidget.appex in Embed Foundation Extensions */ = {isa = PBXBuildFile; fileRef = A10000000000000000000001 /* TallyWidget.appex */; settings = {ATTRIBUTES = (RemoveHeadersOnCopy, ); }; };
		A10000000000000000000014 /* TallyWatch.app in Embed Watch Content */ = {isa = PBXBuildFile; fileRef = A10000000000000000000002 /* TallyWatch.app */; settings = {ATTRIBUTES = (RemoveHeadersOnCopy, ); }; };
		A10000000000000000000015 /* TallyKit in Frameworks */ = {isa = PBXBuildFile; productRef = A10000000000000000000023 /* TallyKit */; };
		A10000000000000000000016 /* TallyKit in Frameworks */ = {isa = PBXBuildFile; productRef = A10000000000000000000024 /* TallyKit */; };
		A10000000000000000000017 /* TallyKit in Frameworks */ = {isa = PBXBuildFile; productRef = A10000000000000000000025 /* TallyKit */; };
		B2000000000000000000000B /* TallyKit in Frameworks */ = {isa = PBXBuildFile; productRef = B2000000000000000000000A /* TallyKit */; };
		B2000000000000000000000C /* TallyWatchComplications.appex in Embed Foundation Extensions */ = {isa = PBXBuildFile; fileRef = B20000000000000000000001 /* TallyWatchComplications.appex */; settings = {ATTRIBUTES = (RemoveHeadersOnCopy, ); }; };
		B2000000000000000000001B /* TallyKit in Frameworks */ = {isa = PBXBuildFile; productRef = B2000000000000000000001A /* TallyKit */; };
/* End PBXBuildFile section */

/* Begin PBXContainerItemProxy section */
		A10000000000000000000019 /* PBXContainerItemProxy */ = {
			isa = PBXContainerItemProxy;
			containerPortal = 000000000000000000000000 /* Project object */;
			proxyType = 1;
			remoteGlobalIDString = A10000000000000000000009;
			remoteInfo = TallyWidget;
		};
		A1000000000000000000001B /* PBXContainerItemProxy */ = {
			isa = PBXContainerItemProxy;
			containerPortal = 000000000000000000000000 /* Project object */;
			proxyType = 1;
			remoteGlobalIDString = A1000000000000000000000A;
			remoteInfo = TallyWatch;
		};
		B2000000000000000000000E /* PBXContainerItemProxy */ = {
			isa = PBXContainerItemProxy;
			containerPortal = 000000000000000000000000 /* Project object */;
			proxyType = 1;
			remoteGlobalIDString = B20000000000000000000006;
			remoteInfo = TallyWatchComplications;
		};
		B2000000000000000000001C /* PBXContainerItemProxy */ = {
			isa = PBXContainerItemProxy;
			containerPortal = 000000000000000000000000 /* Project object */;
			proxyType = 1;
			remoteGlobalIDString = 000000000000000100000000;
			remoteInfo = tally;
		};
		B2000000000000000000002C /* PBXContainerItemProxy */ = {
			isa = PBXContainerItemProxy;
			containerPortal = 000000000000000000000000 /* Project object */;
			proxyType = 1;
			remoteGlobalIDString = 000000000000000100000000;
			remoteInfo = tally;
		};
/* End PBXContainerItemProxy section */

/* Begin PBXCopyFilesBuildPhase section */
		A10000000000000000000011 /* Embed Foundation Extensions */ = {
			isa = PBXCopyFilesBuildPhase;
			dstPath = "";
			dstSubfolder = PlugIns;
			files = (
				A10000000000000000000013 /* TallyWidget.appex in Embed Foundation Extensions */,
			);
			name = "Embed Foundation Extensions";
		};
		A10000000000000000000012 /* Embed Watch Content */ = {
			isa = PBXCopyFilesBuildPhase;
			dstPath = "$(CONTENTS_FOLDER_PATH)/Watch";
			dstSubfolder = Product;
			files = (
				A10000000000000000000014 /* TallyWatch.app in Embed Watch Content */,
			);
			name = "Embed Watch Content";
		};
		B2000000000000000000000D /* Embed Foundation Extensions */ = {
			isa = PBXCopyFilesBuildPhase;
			dstPath = "";
			dstSubfolder = PlugIns;
			files = (
				B2000000000000000000000C /* TallyWatchComplications.appex in Embed Foundation Extensions */,
			);
			name = "Embed Foundation Extensions";
		};
/* End PBXCopyFilesBuildPhase section */

/* Begin PBXFileReference section */
		000000000000000000000120 /* tally.app */ = {isa = PBXFileReference; explicitFileType = wrapper.application; includeInIndex = 0; path = tally.app; sourceTree = BUILT_PRODUCTS_DIR; };
		A10000000000000000000001 /* TallyWidget.appex */ = {isa = PBXFileReference; explicitFileType = "wrapper.app-extension"; includeInIndex = 0; path = TallyWidget.appex; sourceTree = BUILT_PRODUCTS_DIR; };
		A10000000000000000000002 /* TallyWatch.app */ = {isa = PBXFileReference; explicitFileType = wrapper.application; includeInIndex = 0; path = TallyWatch.app; sourceTree = BUILT_PRODUCTS_DIR; };
		A10000000000000000000006 /* tally.entitlements */ = {isa = PBXFileReference; lastKnownFileType = text.plist.entitlements; path = tally.entitlements; sourceTree = "<group>"; };
		A10000000000000000000007 /* TallyWidget.entitlements */ = {isa = PBXFileReference; lastKnownFileType = text.plist.entitlements; path = TallyWidget.entitlements; sourceTree = "<group>"; };
		A10000000000000000000008 /* TallyWatch.entitlements */ = {isa = PBXFileReference; lastKnownFileType = text.plist.entitlements; path = TallyWatch.entitlements; sourceTree = "<group>"; };
		B20000000000000000000001 /* TallyWatchComplications.appex */ = {isa = PBXFileReference; explicitFileType = "wrapper.app-extension"; includeInIndex = 0; path = TallyWatchComplications.appex; sourceTree = BUILT_PRODUCTS_DIR; };
		B20000000000000000000010 /* TallyWatchComplications.entitlements */ = {isa = PBXFileReference; lastKnownFileType = text.plist.entitlements; path = TallyWatchComplications.entitlements; sourceTree = "<group>"; };
		B20000000000000000000011 /* tallyTests.xctest */ = {isa = PBXFileReference; explicitFileType = wrapper.cfbundle; includeInIndex = 0; path = tallyTests.xctest; sourceTree = BUILT_PRODUCTS_DIR; };
		B20000000000000000000021 /* tallyUITests.xctest */ = {isa = PBXFileReference; explicitFileType = wrapper.cfbundle; includeInIndex = 0; path = tallyUITests.xctest; sourceTree = BUILT_PRODUCTS_DIR; };
/* End PBXFileReference section */

/* Begin PBXFileSystemSynchronizedRootGroup section */
		000000000000000000000010 /* tally */ = {
			isa = PBXFileSystemSynchronizedRootGroup;
			path = tally;
			sourceTree = "<group>";
		};
		A10000000000000000000003 /* TallyWidget */ = {
			isa = PBXFileSystemSynchronizedRootGroup;
			path = TallyWidget;
			sourceTree = "<group>";
		};
		A10000000000000000000004 /* TallyWatch */ = {
			isa = PBXFileSystemSynchronizedRootGroup;
			path = TallyWatch;
			sourceTree = "<group>";
		};
		B20000000000000000000002 /* TallyWatchComplications */ = {
			isa = PBXFileSystemSynchronizedRootGroup;
			path = TallyWatchComplications;
			sourceTree = "<group>";
		};
		B20000000000000000000012 /* tallyTests */ = {
			isa = PBXFileSystemSynchronizedRootGroup;
			path = tallyTests;
			sourceTree = "<group>";
		};
		B20000000000000000000022 /* tallyUITests */ = {
			isa = PBXFileSystemSynchronizedRootGroup;
			path = tallyUITests;
			sourceTree = "<group>";
		};
/* End PBXFileSystemSynchronizedRootGroup section */

/* Begin PBXFrameworksBuildPhase section */
		000000000000000130000000 /* Frameworks */ = {
			isa = PBXFrameworksBuildPhase;
			files = (
				A10000000000000000000015 /* TallyKit in Frameworks */,
			);
		};
		A1000000000000000000000C /* Frameworks */ = {
			isa = PBXFrameworksBuildPhase;
			files = (
				A10000000000000000000016 /* TallyKit in Frameworks */,
			);
		};
		A1000000000000000000000F /* Frameworks */ = {
			isa = PBXFrameworksBuildPhase;
			files = (
				A10000000000000000000017 /* TallyKit in Frameworks */,
			);
		};
		B20000000000000000000004 /* Frameworks */ = {
			isa = PBXFrameworksBuildPhase;
			files = (
				B2000000000000000000000B /* TallyKit in Frameworks */,
			);
		};
		B20000000000000000000014 /* Frameworks */ = {
			isa = PBXFrameworksBuildPhase;
			files = (
				B2000000000000000000001B /* TallyKit in Frameworks */,
			);
		};
		B20000000000000000000024 /* Frameworks */ = {
			isa = PBXFrameworksBuildPhase;
			files = (
			);
		};
/* End PBXFrameworksBuildPhase section */

/* Begin PBXGroup section */
		000000000000000000000001 = {
			isa = PBXGroup;
			children = (
				000000000000000000000010 /* tally */,
				A10000000000000000000003 /* TallyWidget */,
				B20000000000000000000002 /* TallyWatchComplications */,
				B20000000000000000000012 /* tallyTests */,
				B20000000000000000000022 /* tallyUITests */,
				A10000000000000000000004 /* TallyWatch */,
				A10000000000000000000005 /* Entitlements */,
				000000000000000000000020 /* Products */,
			);
			sourceTree = "<group>";
		};
		000000000000000000000020 /* Products */ = {
			isa = PBXGroup;
			children = (
				000000000000000000000120 /* tally.app */,
				A10000000000000000000001 /* TallyWidget.appex */,
				A10000000000000000000002 /* TallyWatch.app */,
				B20000000000000000000001 /* TallyWatchComplications.appex */,
				B20000000000000000000011 /* tallyTests.xctest */,
				B20000000000000000000021 /* tallyUITests.xctest */,
			);
			name = Products;
			sourceTree = "<group>";
		};
		A10000000000000000000005 /* Entitlements */ = {
			isa = PBXGroup;
			children = (
				A10000000000000000000006 /* tally.entitlements */,
				A10000000000000000000007 /* TallyWidget.entitlements */,
				A10000000000000000000008 /* TallyWatch.entitlements */,
				B20000000000000000000010 /* TallyWatchComplications.entitlements */,
			);
			path = Entitlements;
			sourceTree = "<group>";
		};
/* End PBXGroup section */

/* Begin PBXNativeTarget section */
		000000000000000100000000 /* tally */ = {
			isa = PBXNativeTarget;
			buildConfigurationList = 000000000000000110000000 /* Build configuration list for PBXNativeTarget "tally" */;
			buildPhases = (
				000000000000000120000000 /* Sources */,
				000000000000000130000000 /* Frameworks */,
				000000000000000140000000 /* Resources */,
				A10000000000000000000011 /* Embed Foundation Extensions */,
				A10000000000000000000012 /* Embed Watch Content */,
			);
			buildRules = (
			);
			dependencies = (
				A10000000000000000000018 /* PBXTargetDependency */,
				A1000000000000000000001A /* PBXTargetDependency */,
			);
			fileSystemSynchronizedGroups = (
				000000000000000000000010 /* tally */,
			);
			name = tally;
			packageProductDependencies = (
				A10000000000000000000023 /* TallyKit */,
			);
			productName = MyApp;
			productReference = 000000000000000000000120 /* tally.app */;
			productType = "com.apple.product-type.application";
		};
		A10000000000000000000009 /* TallyWidget */ = {
			isa = PBXNativeTarget;
			buildConfigurationList = A1000000000000000000001C /* Build configuration list for PBXNativeTarget "TallyWidget" */;
			buildPhases = (
				A1000000000000000000000B /* Sources */,
				A1000000000000000000000C /* Frameworks */,
				A1000000000000000000000D /* Resources */,
			);
			buildRules = (
			);
			fileSystemSynchronizedGroups = (
				A10000000000000000000003 /* TallyWidget */,
			);
			name = TallyWidget;
			packageProductDependencies = (
				A10000000000000000000024 /* TallyKit */,
			);
			productName = TallyWidget;
			productReference = A10000000000000000000001 /* TallyWidget.appex */;
			productType = "com.apple.product-type.app-extension";
		};
		A1000000000000000000000A /* TallyWatch */ = {
			isa = PBXNativeTarget;
			buildConfigurationList = A1000000000000000000001F /* Build configuration list for PBXNativeTarget "TallyWatch" */;
			buildPhases = (
				A1000000000000000000000E /* Sources */,
				A1000000000000000000000F /* Frameworks */,
				A10000000000000000000010 /* Resources */,
				B2000000000000000000000D /* Embed Foundation Extensions */,
			);
			buildRules = (
			);
			dependencies = (
				B2000000000000000000000F /* PBXTargetDependency */,
			);
			fileSystemSynchronizedGroups = (
				A10000000000000000000004 /* TallyWatch */,
			);
			name = TallyWatch;
			packageProductDependencies = (
				A10000000000000000000025 /* TallyKit */,
			);
			productName = TallyWatch;
			productReference = A10000000000000000000002 /* TallyWatch.app */;
			productType = "com.apple.product-type.application";
		};
		B20000000000000000000006 /* TallyWatchComplications */ = {
			isa = PBXNativeTarget;
			buildConfigurationList = B20000000000000000000007 /* Build configuration list for PBXNativeTarget "TallyWatchComplications" */;
			buildPhases = (
				B20000000000000000000003 /* Sources */,
				B20000000000000000000004 /* Frameworks */,
				B20000000000000000000005 /* Resources */,
			);
			buildRules = (
			);
			fileSystemSynchronizedGroups = (
				B20000000000000000000002 /* TallyWatchComplications */,
			);
			name = TallyWatchComplications;
			packageProductDependencies = (
				B2000000000000000000000A /* TallyKit */,
			);
			productName = TallyWatchComplications;
			productReference = B20000000000000000000001 /* TallyWatchComplications.appex */;
			productType = "com.apple.product-type.app-extension";
		};
		B20000000000000000000016 /* tallyTests */ = {
			isa = PBXNativeTarget;
			buildConfigurationList = B20000000000000000000017 /* Build configuration list for PBXNativeTarget "tallyTests" */;
			buildPhases = (
				B20000000000000000000013 /* Sources */,
				B20000000000000000000014 /* Frameworks */,
				B20000000000000000000015 /* Resources */,
			);
			buildRules = (
			);
			dependencies = (
				B2000000000000000000001D /* PBXTargetDependency */,
			);
			fileSystemSynchronizedGroups = (
				B20000000000000000000012 /* tallyTests */,
			);
			name = tallyTests;
			packageProductDependencies = (
				B2000000000000000000001A /* TallyKit */,
			);
			productName = tallyTests;
			productReference = B20000000000000000000011 /* tallyTests.xctest */;
			productType = "com.apple.product-type.bundle.unit-test";
		};
		B20000000000000000000026 /* tallyUITests */ = {
			isa = PBXNativeTarget;
			buildConfigurationList = B20000000000000000000027 /* Build configuration list for PBXNativeTarget "tallyUITests" */;
			buildPhases = (
				B20000000000000000000023 /* Sources */,
				B20000000000000000000024 /* Frameworks */,
				B20000000000000000000025 /* Resources */,
			);
			buildRules = (
			);
			dependencies = (
				B2000000000000000000002D /* PBXTargetDependency */,
			);
			fileSystemSynchronizedGroups = (
				B20000000000000000000022 /* tallyUITests */,
			);
			name = tallyUITests;
			productName = tallyUITests;
			productReference = B20000000000000000000021 /* tallyUITests.xctest */;
			productType = "com.apple.product-type.bundle.ui-testing";
		};
/* End PBXNativeTarget section */

/* Begin PBXProject section */
		000000000000000000000000 /* Project object */ = {
			isa = PBXProject;
			attributes = {
				BuildIndependentTargetsInParallel = 1;
				LastSwiftUpdateCheck = 2630;
				LastUpgradeCheck = 2700;
				TargetAttributes = {
					000000000000000100000000 = {
						CreatedOnToolsVersion = 26.3;
					};
					A10000000000000000000009 = {
						CreatedOnToolsVersion = 26.3;
					};
					A1000000000000000000000A = {
						CreatedOnToolsVersion = 26.3;
					};
					B20000000000000000000006 = {
						CreatedOnToolsVersion = 26.3;
					};
					B20000000000000000000016 = {
						CreatedOnToolsVersion = 26.3;
						TestTargetID = 000000000000000100000000;
					};
					B20000000000000000000026 = {
						CreatedOnToolsVersion = 26.3;
						TestTargetID = 000000000000000100000000;
					};
				};
			};
			buildConfigurationList = 000000000000000010000000 /* Build configuration list for PBXProject "tally" */;
			developmentRegion = en;
			hasScannedForEncodings = 0;
			knownRegions = (
				en,
				Base,
			);
			mainGroup = 000000000000000000000001;
			minimizedProjectReferenceProxies = 1;
			packageReferences = (
				A10000000000000000000022 /* XCLocalSwiftPackageReference "TallyKit" */,
			);
			preferredProjectObjectVersion = 90;
			productRefGroup = 000000000000000000000020 /* Products */;
			projectDirPath = "";
			projectRoot = "";
			targets = (
				000000000000000100000000 /* tally */,
				A10000000000000000000009 /* TallyWidget */,
				A1000000000000000000000A /* TallyWatch */,
				B20000000000000000000006 /* TallyWatchComplications */,
				B20000000000000000000016 /* tallyTests */,
				B20000000000000000000026 /* tallyUITests */,
			);
		};
/* End PBXProject section */

/* Begin PBXResourcesBuildPhase section */
		000000000000000140000000 /* Resources */ = {
			isa = PBXResourcesBuildPhase;
			files = (
			);
		};
		A1000000000000000000000D /* Resources */ = {
			isa = PBXResourcesBuildPhase;
			files = (
			);
		};
		A10000000000000000000010 /* Resources */ = {
			isa = PBXResourcesBuildPhase;
			files = (
			);
		};
		B20000000000000000000005 /* Resources */ = {
			isa = PBXResourcesBuildPhase;
			files = (
			);
		};
		B20000000000000000000015 /* Resources */ = {
			isa = PBXResourcesBuildPhase;
			files = (
			);
		};
		B20000000000000000000025 /* Resources */ = {
			isa = PBXResourcesBuildPhase;
			files = (
			);
		};
/* End PBXResourcesBuildPhase section */

/* Begin PBXSourcesBuildPhase section */
		000000000000000120000000 /* Sources */ = {
			isa = PBXSourcesBuildPhase;
			files = (
			);
		};
		A1000000000000000000000B /* Sources */ = {
			isa = PBXSourcesBuildPhase;
			files = (
			);
		};
		A1000000000000000000000E /* Sources */ = {
			isa = PBXSourcesBuildPhase;
			files = (
			);
		};
		B20000000000000000000003 /* Sources */ = {
			isa = PBXSourcesBuildPhase;
			files = (
			);
		};
		B20000000000000000000013 /* Sources */ = {
			isa = PBXSourcesBuildPhase;
			files = (
			);
		};
		B20000000000000000000023 /* Sources */ = {
			isa = PBXSourcesBuildPhase;
			files = (
			);
		};
/* End PBXSourcesBuildPhase section */

/* Begin PBXTargetDependency section */
		A10000000000000000000018 /* PBXTargetDependency */ = {
			isa = PBXTargetDependency;
			target = A10000000000000000000009 /* TallyWidget */;
			targetProxy = A10000000000000000000019 /* PBXContainerItemProxy */;
		};
		A1000000000000000000001A /* PBXTargetDependency */ = {
			isa = PBXTargetDependency;
			target = A1000000000000000000000A /* TallyWatch */;
			targetProxy = A1000000000000000000001B /* PBXContainerItemProxy */;
		};
		B2000000000000000000000F /* PBXTargetDependency */ = {
			isa = PBXTargetDependency;
			target = B20000000000000000000006 /* TallyWatchComplications */;
			targetProxy = B2000000000000000000000E /* PBXContainerItemProxy */;
		};
		B2000000000000000000001D /* PBXTargetDependency */ = {
			isa = PBXTargetDependency;
			target = 000000000000000100000000 /* tally */;
			targetProxy = B2000000000000000000001C /* PBXContainerItemProxy */;
		};
		B2000000000000000000002D /* PBXTargetDependency */ = {
			isa = PBXTargetDependency;
			target = 000000000000000100000000 /* tally */;
			targetProxy = B2000000000000000000002C /* PBXContainerItemProxy */;
		};
/* End PBXTargetDependency section */

/* Begin XCBuildConfiguration section */
		000000000000000011000000 /* Debug configuration for PBXProject "tally" */ = {
			isa = XCBuildConfiguration;
			buildSettings = {
				ALWAYS_SEARCH_USER_PATHS = NO;
				APPLETVOS_DEPLOYMENT_TARGET = 27.0;
				ASSETCATALOG_COMPILER_GENERATE_SWIFT_ASSET_SYMBOL_EXTENSIONS = YES;
				CLANG_ANALYZER_NONNULL = YES;
				CLANG_ANALYZER_NUMBER_OBJECT_CONVERSION = YES_AGGRESSIVE;
				CLANG_CXX_LANGUAGE_STANDARD = "gnu++20";
				CLANG_ENABLE_MODULES = YES;
				CLANG_ENABLE_OBJC_ARC = YES;
				CLANG_ENABLE_OBJC_WEAK = YES;
				CLANG_WARN_BLOCK_CAPTURE_AUTORELEASING = YES;
				CLANG_WARN_BOOL_CONVERSION = YES;
				CLANG_WARN_COMMA = YES;
				CLANG_WARN_CONSTANT_CONVERSION = YES;
				CLANG_WARN_DEPRECATED_OBJC_IMPLEMENTATIONS = YES;
				CLANG_WARN_DIRECT_OBJC_ISA_USAGE = YES_ERROR;
				CLANG_WARN_DOCUMENTATION_COMMENTS = YES;
				CLANG_WARN_EMPTY_BODY = YES;
				CLANG_WARN_ENUM_CONVERSION = YES;
				CLANG_WARN_INFINITE_RECURSION = YES;
				CLANG_WARN_INT_CONVERSION = YES;
				CLANG_WARN_NON_LITERAL_NULL_CONVERSION = YES;
				CLANG_WARN_OBJC_IMPLICIT_RETAIN_SELF = YES;
				CLANG_WARN_OBJC_LITERAL_CONVERSION = YES;
				CLANG_WARN_OBJC_ROOT_CLASS = YES_ERROR;
				CLANG_WARN_QUOTED_INCLUDE_IN_FRAMEWORK_HEADER = YES;
				CLANG_WARN_RANGE_LOOP_ANALYSIS = YES;
				CLANG_WARN_STRICT_PROTOTYPES = YES;
				CLANG_WARN_SUSPICIOUS_MOVE = YES;
				CLANG_WARN_UNGUARDED_AVAILABILITY = YES_AGGRESSIVE;
				CLANG_WARN_UNREACHABLE_CODE = YES;
				CLANG_WARN__DUPLICATE_METHOD_MATCH = YES;
				COPY_PHASE_STRIP = NO;
				DEAD_CODE_STRIPPING = YES;
				DEBUG_INFORMATION_FORMAT = dwarf;
				DRIVERKIT_DEPLOYMENT_TARGET = 27.0;
				ENABLE_STRICT_OBJC_MSGSEND = YES;
				ENABLE_TESTABILITY = YES;
				ENABLE_USER_SCRIPT_SANDBOXING = YES;
				GCC_C_LANGUAGE_STANDARD = gnu17;
				GCC_DYNAMIC_NO_PIC = NO;
				GCC_NO_COMMON_BLOCKS = YES;
				GCC_OPTIMIZATION_LEVEL = 0;
				GCC_PREPROCESSOR_DEFINITIONS = (
					"DEBUG=1",
					"$(inherited)",
				);
				GCC_WARN_64_TO_32_BIT_CONVERSION = YES;
				GCC_WARN_ABOUT_RETURN_TYPE = YES_ERROR;
				GCC_WARN_UNDECLARED_SELECTOR = YES;
				GCC_WARN_UNINITIALIZED_AUTOS = YES_AGGRESSIVE;
				GCC_WARN_UNUSED_FUNCTION = YES;
				GCC_WARN_UNUSED_VARIABLE = YES;
				IPHONEOS_DEPLOYMENT_TARGET = 27.0;
				LOCALIZATION_PREFERS_STRING_CATALOGS = YES;
				MACOSX_DEPLOYMENT_TARGET = 26.5;
				MTL_ENABLE_DEBUG_INFO = INCLUDE_SOURCE;
				MTL_FAST_MATH = YES;
				ONLY_ACTIVE_ARCH = YES;
				PROJECT_UNIQUE_VALUE = B13UVL67;
				STRING_CATALOG_GENERATE_SYMBOLS = YES;
				SWIFT_ACTIVE_COMPILATION_CONDITIONS = "DEBUG $(inherited)";
				SWIFT_OPTIMIZATION_LEVEL = "-Onone";
				WATCHOS_DEPLOYMENT_TARGET = 27.0;
				XROS_DEPLOYMENT_TARGET = 27.0;
			};
			name = Debug;
		};
		000000000000000012000000 /* Release configuration for PBXProject "tally" */ = {
			isa = XCBuildConfiguration;
			buildSettings = {
				ALWAYS_SEARCH_USER_PATHS = NO;
				APPLETVOS_DEPLOYMENT_TARGET = 27.0;
				ASSETCATALOG_COMPILER_GENERATE_SWIFT_ASSET_SYMBOL_EXTENSIONS = YES;
				CLANG_ANALYZER_NONNULL = YES;
				CLANG_ANALYZER_NUMBER_OBJECT_CONVERSION = YES_AGGRESSIVE;
				CLANG_CXX_LANGUAGE_STANDARD = "gnu++20";
				CLANG_ENABLE_MODULES = YES;
				CLANG_ENABLE_OBJC_ARC = YES;
				CLANG_ENABLE_OBJC_WEAK = YES;
				CLANG_WARN_BLOCK_CAPTURE_AUTORELEASING = YES;
				CLANG_WARN_BOOL_CONVERSION = YES;
				CLANG_WARN_COMMA = YES;
				CLANG_WARN_CONSTANT_CONVERSION = YES;
				CLANG_WARN_DEPRECATED_OBJC_IMPLEMENTATIONS = YES;
				CLANG_WARN_DIRECT_OBJC_ISA_USAGE = YES_ERROR;
				CLANG_WARN_DOCUMENTATION_COMMENTS = YES;
				CLANG_WARN_EMPTY_BODY = YES;
				CLANG_WARN_ENUM_CONVERSION = YES;
				CLANG_WARN_INFINITE_RECURSION = YES;
				CLANG_WARN_INT_CONVERSION = YES;
				CLANG_WARN_NON_LITERAL_NULL_CONVERSION = YES;
				CLANG_WARN_OBJC_IMPLICIT_RETAIN_SELF = YES;
				CLANG_WARN_OBJC_LITERAL_CONVERSION = YES;
				CLANG_WARN_OBJC_ROOT_CLASS = YES_ERROR;
				CLANG_WARN_QUOTED_INCLUDE_IN_FRAMEWORK_HEADER = YES;
				CLANG_WARN_RANGE_LOOP_ANALYSIS = YES;
				CLANG_WARN_STRICT_PROTOTYPES = YES;
				CLANG_WARN_SUSPICIOUS_MOVE = YES;
				CLANG_WARN_UNGUARDED_AVAILABILITY = YES_AGGRESSIVE;
				CLANG_WARN_UNREACHABLE_CODE = YES;
				CLANG_WARN__DUPLICATE_METHOD_MATCH = YES;
				COPY_PHASE_STRIP = NO;
				DEAD_CODE_STRIPPING = YES;
				DEBUG_INFORMATION_FORMAT = "dwarf-with-dsym";
				DRIVERKIT_DEPLOYMENT_TARGET = 27.0;
				ENABLE_NS_ASSERTIONS = NO;
				ENABLE_STRICT_OBJC_MSGSEND = YES;
				ENABLE_USER_SCRIPT_SANDBOXING = YES;
				GCC_C_LANGUAGE_STANDARD = gnu17;
				GCC_NO_COMMON_BLOCKS = YES;
				GCC_WARN_64_TO_32_BIT_CONVERSION = YES;
				GCC_WARN_ABOUT_RETURN_TYPE = YES_ERROR;
				GCC_WARN_UNDECLARED_SELECTOR = YES;
				GCC_WARN_UNINITIALIZED_AUTOS = YES_AGGRESSIVE;
				GCC_WARN_UNUSED_FUNCTION = YES;
				GCC_WARN_UNUSED_VARIABLE = YES;
				IPHONEOS_DEPLOYMENT_TARGET = 27.0;
				LOCALIZATION_PREFERS_STRING_CATALOGS = YES;
				MACOSX_DEPLOYMENT_TARGET = 26.5;
				MTL_ENABLE_DEBUG_INFO = NO;
				MTL_FAST_MATH = YES;
				PROJECT_UNIQUE_VALUE = B13UVL67;
				STRING_CATALOG_GENERATE_SYMBOLS = YES;
				SWIFT_COMPILATION_MODE = wholemodule;
				WATCHOS_DEPLOYMENT_TARGET = 27.0;
				XROS_DEPLOYMENT_TARGET = 27.0;
			};
			name = Release;
		};
		000000000000000111000000 /* Debug configuration for PBXNativeTarget "tally" */ = {
			isa = XCBuildConfiguration;
			buildSettings = {
				CODE_SIGN_ENTITLEMENTS = Entitlements/tally.entitlements;
				CODE_SIGN_STYLE = Automatic;
				CURRENT_PROJECT_VERSION = 1;
				ENABLE_APP_SANDBOX = YES;
				ENABLE_PREVIEWS = YES;
				ENABLE_USER_SELECTED_FILES = readonly;
				GENERATE_INFOPLIST_FILE = YES;
				INFOPLIST_KEY_NSHealthShareUsageDescription = "Tally compares your activity against your own drinking history, entirely on this device, to show whether drinking is eating into it. Nothing is uploaded.";
				INFOPLIST_KEY_NSHealthUpdateUsageDescription = "Tally can save the drinks you log to Health as alcoholic beverages. This stays off until you turn it on.";
				INFOPLIST_KEY_NSLocationAlwaysAndWhenInUseUsageDescription = "Bar Radar lets iOS tell Tally when you arrive at or leave a bar you have saved, so it can offer to start a session. Tally receives arrival and departure events only, never a continuous location stream.";
				INFOPLIST_KEY_NSLocationWhenInUseUsageDescription = "Tally takes one location fix at the moment you log a drink, so it can tag the venue. It never tracks you in between, and the fix never leaves your device.";
				"INFOPLIST_KEY_UIApplicationSceneManifest_Generation[sdk=iphoneos*]" = YES;
				"INFOPLIST_KEY_UIApplicationSceneManifest_Generation[sdk=iphonesimulator*]" = YES;
				"INFOPLIST_KEY_UIApplicationSupportsIndirectInputEvents[sdk=iphoneos*]" = YES;
				"INFOPLIST_KEY_UIApplicationSupportsIndirectInputEvents[sdk=iphonesimulator*]" = YES;
				INFOPLIST_KEY_UIBackgroundModes = "remote-notification";
				"INFOPLIST_KEY_UILaunchScreen_Generation[sdk=iphoneos*]" = YES;
				"INFOPLIST_KEY_UILaunchScreen_Generation[sdk=iphonesimulator*]" = YES;
				"INFOPLIST_KEY_UIStatusBarStyle[sdk=iphoneos*]" = UIStatusBarStyleDefault;
				"INFOPLIST_KEY_UIStatusBarStyle[sdk=iphonesimulator*]" = UIStatusBarStyleDefault;
				INFOPLIST_KEY_UISupportedInterfaceOrientations_iPad = "UIInterfaceOrientationPortrait UIInterfaceOrientationPortraitUpsideDown UIInterfaceOrientationLandscapeLeft UIInterfaceOrientationLandscapeRight";
				INFOPLIST_KEY_UISupportedInterfaceOrientations_iPhone = "UIInterfaceOrientationPortrait UIInterfaceOrientationLandscapeLeft UIInterfaceOrientationLandscapeRight";
				LD_RUNPATH_SEARCH_PATHS = "@executable_path/Frameworks";
				"LD_RUNPATH_SEARCH_PATHS[sdk=macosx*]" = "@executable_path/../Frameworks";
				MARKETING_VERSION = 1.0;
				PRODUCT_BUNDLE_IDENTIFIER = "devplaceholder.$(PROJECT_UNIQUE_VALUE:identifier).$(PRODUCT_NAME:identifier)";
				PRODUCT_NAME = "$(TARGET_NAME)";
				REGISTER_APP_GROUPS = YES;
				SDKROOT = auto;
				STRING_CATALOG_GENERATE_SYMBOLS = YES;
				SUPPORTED_PLATFORMS = "iphoneos iphonesimulator";
				SUPPORTS_MACCATALYST = NO;
				SWIFT_APPROACHABLE_CONCURRENCY = YES;
				SWIFT_DEFAULT_ACTOR_ISOLATION = MainActor;
				SWIFT_EMIT_LOC_STRINGS = YES;
				SWIFT_UPCOMING_FEATURE_MEMBER_IMPORT_VISIBILITY = YES;
				SWIFT_VERSION = 5.0;
				TARGETED_DEVICE_FAMILY = 1;
			};
			name = Debug;
		};
		000000000000000112000000 /* Release configuration for PBXNativeTarget "tally" */ = {
			isa = XCBuildConfiguration;
			buildSettings = {
				CODE_SIGN_ENTITLEMENTS = Entitlements/tally.entitlements;
				CODE_SIGN_STYLE = Automatic;
				CURRENT_PROJECT_VERSION = 1;
				ENABLE_APP_SANDBOX = YES;
				ENABLE_PREVIEWS = YES;
				ENABLE_USER_SELECTED_FILES = readonly;
				GENERATE_INFOPLIST_FILE = YES;
				INFOPLIST_KEY_NSHealthShareUsageDescription = "Tally compares your activity against your own drinking history, entirely on this device, to show whether drinking is eating into it. Nothing is uploaded.";
				INFOPLIST_KEY_NSHealthUpdateUsageDescription = "Tally can save the drinks you log to Health as alcoholic beverages. This stays off until you turn it on.";
				INFOPLIST_KEY_NSLocationAlwaysAndWhenInUseUsageDescription = "Bar Radar lets iOS tell Tally when you arrive at or leave a bar you have saved, so it can offer to start a session. Tally receives arrival and departure events only, never a continuous location stream.";
				INFOPLIST_KEY_NSLocationWhenInUseUsageDescription = "Tally takes one location fix at the moment you log a drink, so it can tag the venue. It never tracks you in between, and the fix never leaves your device.";
				"INFOPLIST_KEY_UIApplicationSceneManifest_Generation[sdk=iphoneos*]" = YES;
				"INFOPLIST_KEY_UIApplicationSceneManifest_Generation[sdk=iphonesimulator*]" = YES;
				"INFOPLIST_KEY_UIApplicationSupportsIndirectInputEvents[sdk=iphoneos*]" = YES;
				"INFOPLIST_KEY_UIApplicationSupportsIndirectInputEvents[sdk=iphonesimulator*]" = YES;
				INFOPLIST_KEY_UIBackgroundModes = "remote-notification";
				"INFOPLIST_KEY_UILaunchScreen_Generation[sdk=iphoneos*]" = YES;
				"INFOPLIST_KEY_UILaunchScreen_Generation[sdk=iphonesimulator*]" = YES;
				"INFOPLIST_KEY_UIStatusBarStyle[sdk=iphoneos*]" = UIStatusBarStyleDefault;
				"INFOPLIST_KEY_UIStatusBarStyle[sdk=iphonesimulator*]" = UIStatusBarStyleDefault;
				INFOPLIST_KEY_UISupportedInterfaceOrientations_iPad = "UIInterfaceOrientationPortrait UIInterfaceOrientationPortraitUpsideDown UIInterfaceOrientationLandscapeLeft UIInterfaceOrientationLandscapeRight";
				INFOPLIST_KEY_UISupportedInterfaceOrientations_iPhone = "UIInterfaceOrientationPortrait UIInterfaceOrientationLandscapeLeft UIInterfaceOrientationLandscapeRight";
				LD_RUNPATH_SEARCH_PATHS = "@executable_path/Frameworks";
				"LD_RUNPATH_SEARCH_PATHS[sdk=macosx*]" = "@executable_path/../Frameworks";
				MARKETING_VERSION = 1.0;
				PRODUCT_BUNDLE_IDENTIFIER = "devplaceholder.$(PROJECT_UNIQUE_VALUE:identifier).$(PRODUCT_NAME:identifier)";
				PRODUCT_NAME = "$(TARGET_NAME)";
				REGISTER_APP_GROUPS = YES;
				SDKROOT = auto;
				STRING_CATALOG_GENERATE_SYMBOLS = YES;
				SUPPORTED_PLATFORMS = "iphoneos iphonesimulator";
				SUPPORTS_MACCATALYST = NO;
				SWIFT_APPROACHABLE_CONCURRENCY = YES;
				SWIFT_DEFAULT_ACTOR_ISOLATION = MainActor;
				SWIFT_EMIT_LOC_STRINGS = YES;
				SWIFT_UPCOMING_FEATURE_MEMBER_IMPORT_VISIBILITY = YES;
				SWIFT_VERSION = 5.0;
				TARGETED_DEVICE_FAMILY = 1;
			};
			name = Release;
		};
		A1000000000000000000001D /* Debug configuration for PBXNativeTarget "TallyWidget" */ = {
			isa = XCBuildConfiguration;
			buildSettings = {
				CODE_SIGN_ENTITLEMENTS = Entitlements/TallyWidget.entitlements;
				CODE_SIGN_STYLE = Automatic;
				CURRENT_PROJECT_VERSION = 1;
				ENABLE_PREVIEWS = YES;
				GENERATE_INFOPLIST_FILE = YES;
				INFOPLIST_KEY_CFBundleDisplayName = Tally;
				INFOPLIST_KEY_NSExtensionPointIdentifier = "com.apple.widgetkit-extension";
				INFOPLIST_KEY_NSLocationWhenInUseUsageDescription = "Tally takes one location fix at the moment you log a drink, so it can tag the venue. It never tracks you in between, and the fix never leaves your device.";
				LD_RUNPATH_SEARCH_PATHS = (
					"@executable_path/Frameworks",
					"@executable_path/../../Frameworks",
				);
				MARKETING_VERSION = 1.0;
				PRODUCT_BUNDLE_IDENTIFIER = "devplaceholder.$(PROJECT_UNIQUE_VALUE:identifier).tally.TallyWidget";
				PRODUCT_NAME = "$(TARGET_NAME)";
				REGISTER_APP_GROUPS = YES;
				SDKROOT = auto;
				SKIP_INSTALL = YES;
				STRING_CATALOG_GENERATE_SYMBOLS = YES;
				SUPPORTED_PLATFORMS = "iphoneos iphonesimulator";
				SUPPORTS_MACCATALYST = NO;
				SWIFT_APPROACHABLE_CONCURRENCY = YES;
				SWIFT_DEFAULT_ACTOR_ISOLATION = MainActor;
				SWIFT_EMIT_LOC_STRINGS = YES;
				SWIFT_UPCOMING_FEATURE_MEMBER_IMPORT_VISIBILITY = YES;
				SWIFT_VERSION = 5.0;
				TARGETED_DEVICE_FAMILY = 1;
			};
			name = Debug;
		};
		A1000000000000000000001E /* Release configuration for PBXNativeTarget "TallyWidget" */ = {
			isa = XCBuildConfiguration;
			buildSettings = {
				CODE_SIGN_ENTITLEMENTS = Entitlements/TallyWidget.entitlements;
				CODE_SIGN_STYLE = Automatic;
				CURRENT_PROJECT_VERSION = 1;
				ENABLE_PREVIEWS = YES;
				GENERATE_INFOPLIST_FILE = YES;
				INFOPLIST_KEY_CFBundleDisplayName = Tally;
				INFOPLIST_KEY_NSExtensionPointIdentifier = "com.apple.widgetkit-extension";
				INFOPLIST_KEY_NSLocationWhenInUseUsageDescription = "Tally takes one location fix at the moment you log a drink, so it can tag the venue. It never tracks you in between, and the fix never leaves your device.";
				LD_RUNPATH_SEARCH_PATHS = (
					"@executable_path/Frameworks",
					"@executable_path/../../Frameworks",
				);
				MARKETING_VERSION = 1.0;
				PRODUCT_BUNDLE_IDENTIFIER = "devplaceholder.$(PROJECT_UNIQUE_VALUE:identifier).tally.TallyWidget";
				PRODUCT_NAME = "$(TARGET_NAME)";
				REGISTER_APP_GROUPS = YES;
				SDKROOT = auto;
				SKIP_INSTALL = YES;
				STRING_CATALOG_GENERATE_SYMBOLS = YES;
				SUPPORTED_PLATFORMS = "iphoneos iphonesimulator";
				SUPPORTS_MACCATALYST = NO;
				SWIFT_APPROACHABLE_CONCURRENCY = YES;
				SWIFT_DEFAULT_ACTOR_ISOLATION = MainActor;
				SWIFT_EMIT_LOC_STRINGS = YES;
				SWIFT_UPCOMING_FEATURE_MEMBER_IMPORT_VISIBILITY = YES;
				SWIFT_VERSION = 5.0;
				TARGETED_DEVICE_FAMILY = 1;
			};
			name = Release;
		};
		A10000000000000000000020 /* Debug configuration for PBXNativeTarget "TallyWatch" */ = {
			isa = XCBuildConfiguration;
			buildSettings = {
				CODE_SIGN_ENTITLEMENTS = Entitlements/TallyWatch.entitlements;
				CODE_SIGN_STYLE = Automatic;
				CURRENT_PROJECT_VERSION = 1;
				ENABLE_PREVIEWS = YES;
				GENERATE_INFOPLIST_FILE = YES;
				INFOPLIST_KEY_CFBundleDisplayName = Tally;
				INFOPLIST_KEY_NSHealthShareUsageDescription = "Tally compares your activity against your own drinking history, entirely on this device, to show whether drinking is eating into it. Nothing is uploaded.";
				INFOPLIST_KEY_NSHealthUpdateUsageDescription = "Tally can save the drinks you log to Health as alcoholic beverages. This stays off until you turn it on.";
				INFOPLIST_KEY_NSLocationWhenInUseUsageDescription = "Tally takes one location fix at the moment you log a drink, so it can tag the venue. It never tracks you in between, and the fix never leaves your device.";
				INFOPLIST_KEY_WKApplication = YES;
				INFOPLIST_KEY_WKCompanionAppBundleIdentifier = "devplaceholder.$(PROJECT_UNIQUE_VALUE:identifier).tally";
				LD_RUNPATH_SEARCH_PATHS = "@executable_path/Frameworks";
				MARKETING_VERSION = 1.0;
				PRODUCT_BUNDLE_IDENTIFIER = "devplaceholder.$(PROJECT_UNIQUE_VALUE:identifier).tally.watchkitapp";
				PRODUCT_NAME = "$(TARGET_NAME)";
				REGISTER_APP_GROUPS = YES;
				SDKROOT = auto;
				SKIP_INSTALL = YES;
				STRING_CATALOG_GENERATE_SYMBOLS = YES;
				SUPPORTED_PLATFORMS = "watchos watchsimulator";
				SWIFT_APPROACHABLE_CONCURRENCY = YES;
				SWIFT_DEFAULT_ACTOR_ISOLATION = MainActor;
				SWIFT_EMIT_LOC_STRINGS = YES;
				SWIFT_UPCOMING_FEATURE_MEMBER_IMPORT_VISIBILITY = YES;
				SWIFT_VERSION = 5.0;
				TARGETED_DEVICE_FAMILY = 4;
			};
			name = Debug;
		};
		A10000000000000000000021 /* Release configuration for PBXNativeTarget "TallyWatch" */ = {
			isa = XCBuildConfiguration;
			buildSettings = {
				CODE_SIGN_ENTITLEMENTS = Entitlements/TallyWatch.entitlements;
				CODE_SIGN_STYLE = Automatic;
				CURRENT_PROJECT_VERSION = 1;
				ENABLE_PREVIEWS = YES;
				GENERATE_INFOPLIST_FILE = YES;
				INFOPLIST_KEY_CFBundleDisplayName = Tally;
				INFOPLIST_KEY_NSHealthShareUsageDescription = "Tally compares your activity against your own drinking history, entirely on this device, to show whether drinking is eating into it. Nothing is uploaded.";
				INFOPLIST_KEY_NSHealthUpdateUsageDescription = "Tally can save the drinks you log to Health as alcoholic beverages. This stays off until you turn it on.";
				INFOPLIST_KEY_NSLocationWhenInUseUsageDescription = "Tally takes one location fix at the moment you log a drink, so it can tag the venue. It never tracks you in between, and the fix never leaves your device.";
				INFOPLIST_KEY_WKApplication = YES;
				INFOPLIST_KEY_WKCompanionAppBundleIdentifier = "devplaceholder.$(PROJECT_UNIQUE_VALUE:identifier).tally";
				LD_RUNPATH_SEARCH_PATHS = "@executable_path/Frameworks";
				MARKETING_VERSION = 1.0;
				PRODUCT_BUNDLE_IDENTIFIER = "devplaceholder.$(PROJECT_UNIQUE_VALUE:identifier).tally.watchkitapp";
				PRODUCT_NAME = "$(TARGET_NAME)";
				REGISTER_APP_GROUPS = YES;
				SDKROOT = auto;
				SKIP_INSTALL = YES;
				STRING_CATALOG_GENERATE_SYMBOLS = YES;
				SUPPORTED_PLATFORMS = "watchos watchsimulator";
				SWIFT_APPROACHABLE_CONCURRENCY = YES;
				SWIFT_DEFAULT_ACTOR_ISOLATION = MainActor;
				SWIFT_EMIT_LOC_STRINGS = YES;
				SWIFT_UPCOMING_FEATURE_MEMBER_IMPORT_VISIBILITY = YES;
				SWIFT_VERSION = 5.0;
				TARGETED_DEVICE_FAMILY = 4;
			};
			name = Release;
		};
		B20000000000000000000008 /* Debug configuration for PBXNativeTarget "TallyWatchComplications" */ = {
			isa = XCBuildConfiguration;
			buildSettings = {
				CODE_SIGN_ENTITLEMENTS = Entitlements/TallyWatchComplications.entitlements;
				CODE_SIGN_STYLE = Automatic;
				CURRENT_PROJECT_VERSION = 1;
				ENABLE_PREVIEWS = YES;
				GENERATE_INFOPLIST_FILE = YES;
				INFOPLIST_KEY_CFBundleDisplayName = Tally;
				INFOPLIST_KEY_NSExtensionPointIdentifier = "com.apple.widgetkit-extension";
				LD_RUNPATH_SEARCH_PATHS = (
					"@executable_path/Frameworks",
					"@executable_path/../../Frameworks",
				);
				MARKETING_VERSION = 1.0;
				PRODUCT_BUNDLE_IDENTIFIER = "devplaceholder.$(PROJECT_UNIQUE_VALUE:identifier).tally.watchkitapp.complications";
				PRODUCT_NAME = "$(TARGET_NAME)";
				REGISTER_APP_GROUPS = YES;
				SDKROOT = auto;
				SKIP_INSTALL = YES;
				SUPPORTED_PLATFORMS = "watchos watchsimulator";
				SWIFT_APPROACHABLE_CONCURRENCY = YES;
				SWIFT_DEFAULT_ACTOR_ISOLATION = MainActor;
				SWIFT_EMIT_LOC_STRINGS = YES;
				SWIFT_UPCOMING_FEATURE_MEMBER_IMPORT_VISIBILITY = YES;
				SWIFT_VERSION = 5.0;
				TARGETED_DEVICE_FAMILY = 4;
			};
			name = Debug;
		};
		B20000000000000000000009 /* Release configuration for PBXNativeTarget "TallyWatchComplications" */ = {
			isa = XCBuildConfiguration;
			buildSettings = {
				CODE_SIGN_ENTITLEMENTS = Entitlements/TallyWatchComplications.entitlements;
				CODE_SIGN_STYLE = Automatic;
				CURRENT_PROJECT_VERSION = 1;
				ENABLE_PREVIEWS = YES;
				GENERATE_INFOPLIST_FILE = YES;
				INFOPLIST_KEY_CFBundleDisplayName = Tally;
				INFOPLIST_KEY_NSExtensionPointIdentifier = "com.apple.widgetkit-extension";
				LD_RUNPATH_SEARCH_PATHS = (
					"@executable_path/Frameworks",
					"@executable_path/../../Frameworks",
				);
				MARKETING_VERSION = 1.0;
				PRODUCT_BUNDLE_IDENTIFIER = "devplaceholder.$(PROJECT_UNIQUE_VALUE:identifier).tally.watchkitapp.complications";
				PRODUCT_NAME = "$(TARGET_NAME)";
				REGISTER_APP_GROUPS = YES;
				SDKROOT = auto;
				SKIP_INSTALL = YES;
				SUPPORTED_PLATFORMS = "watchos watchsimulator";
				SWIFT_APPROACHABLE_CONCURRENCY = YES;
				SWIFT_DEFAULT_ACTOR_ISOLATION = MainActor;
				SWIFT_EMIT_LOC_STRINGS = YES;
				SWIFT_UPCOMING_FEATURE_MEMBER_IMPORT_VISIBILITY = YES;
				SWIFT_VERSION = 5.0;
				TARGETED_DEVICE_FAMILY = 4;
			};
			name = Release;
		};
		B20000000000000000000018 /* Debug configuration for PBXNativeTarget "tallyTests" */ = {
			isa = XCBuildConfiguration;
			buildSettings = {
				BUNDLE_LOADER = "$(TEST_HOST)";
				CODE_SIGN_STYLE = Automatic;
				CURRENT_PROJECT_VERSION = 1;
				GENERATE_INFOPLIST_FILE = YES;
				MARKETING_VERSION = 1.0;
				PRODUCT_BUNDLE_IDENTIFIER = "devplaceholder.$(PROJECT_UNIQUE_VALUE:identifier).tally.tests";
				PRODUCT_NAME = "$(TARGET_NAME)";
				SDKROOT = auto;
				SUPPORTED_PLATFORMS = "iphoneos iphonesimulator";
				SWIFT_APPROACHABLE_CONCURRENCY = YES;
				SWIFT_DEFAULT_ACTOR_ISOLATION = MainActor;
				SWIFT_EMIT_LOC_STRINGS = NO;
				SWIFT_UPCOMING_FEATURE_MEMBER_IMPORT_VISIBILITY = YES;
				SWIFT_VERSION = 5.0;
				TARGETED_DEVICE_FAMILY = 1;
				TEST_HOST = "$(BUILT_PRODUCTS_DIR)/tally.app/$(BUNDLE_EXECUTABLE_FOLDER_PATH)/tally";
			};
			name = Debug;
		};
		B20000000000000000000019 /* Release configuration for PBXNativeTarget "tallyTests" */ = {
			isa = XCBuildConfiguration;
			buildSettings = {
				BUNDLE_LOADER = "$(TEST_HOST)";
				CODE_SIGN_STYLE = Automatic;
				CURRENT_PROJECT_VERSION = 1;
				GENERATE_INFOPLIST_FILE = YES;
				MARKETING_VERSION = 1.0;
				PRODUCT_BUNDLE_IDENTIFIER = "devplaceholder.$(PROJECT_UNIQUE_VALUE:identifier).tally.tests";
				PRODUCT_NAME = "$(TARGET_NAME)";
				SDKROOT = auto;
				SUPPORTED_PLATFORMS = "iphoneos iphonesimulator";
				SWIFT_APPROACHABLE_CONCURRENCY = YES;
				SWIFT_DEFAULT_ACTOR_ISOLATION = MainActor;
				SWIFT_EMIT_LOC_STRINGS = NO;
				SWIFT_UPCOMING_FEATURE_MEMBER_IMPORT_VISIBILITY = YES;
				SWIFT_VERSION = 5.0;
				TARGETED_DEVICE_FAMILY = 1;
				TEST_HOST = "$(BUILT_PRODUCTS_DIR)/tally.app/$(BUNDLE_EXECUTABLE_FOLDER_PATH)/tally";
			};
			name = Release;
		};
		B20000000000000000000028 /* Debug configuration for PBXNativeTarget "tallyUITests" */ = {
			isa = XCBuildConfiguration;
			buildSettings = {
				CODE_SIGN_STYLE = Automatic;
				CURRENT_PROJECT_VERSION = 1;
				GENERATE_INFOPLIST_FILE = YES;
				MARKETING_VERSION = 1.0;
				PRODUCT_BUNDLE_IDENTIFIER = "devplaceholder.$(PROJECT_UNIQUE_VALUE:identifier).tally.uitests";
				PRODUCT_NAME = "$(TARGET_NAME)";
				SDKROOT = auto;
				SUPPORTED_PLATFORMS = "iphoneos iphonesimulator";
				SWIFT_APPROACHABLE_CONCURRENCY = YES;
				SWIFT_EMIT_LOC_STRINGS = NO;
				SWIFT_UPCOMING_FEATURE_MEMBER_IMPORT_VISIBILITY = YES;
				SWIFT_VERSION = 5.0;
				TARGETED_DEVICE_FAMILY = 1;
				TEST_TARGET_NAME = tally;
			};
			name = Debug;
		};
		B20000000000000000000029 /* Release configuration for PBXNativeTarget "tallyUITests" */ = {
			isa = XCBuildConfiguration;
			buildSettings = {
				CODE_SIGN_STYLE = Automatic;
				CURRENT_PROJECT_VERSION = 1;
				GENERATE_INFOPLIST_FILE = YES;
				MARKETING_VERSION = 1.0;
				PRODUCT_BUNDLE_IDENTIFIER = "devplaceholder.$(PROJECT_UNIQUE_VALUE:identifier).tally.uitests";
				PRODUCT_NAME = "$(TARGET_NAME)";
				SDKROOT = auto;
				SUPPORTED_PLATFORMS = "iphoneos iphonesimulator";
				SWIFT_APPROACHABLE_CONCURRENCY = YES;
				SWIFT_EMIT_LOC_STRINGS = NO;
				SWIFT_UPCOMING_FEATURE_MEMBER_IMPORT_VISIBILITY = YES;
				SWIFT_VERSION = 5.0;
				TARGETED_DEVICE_FAMILY = 1;
				TEST_TARGET_NAME = tally;
			};
			name = Release;
		};
/* End XCBuildConfiguration section */

/* Begin XCConfigurationList section */
		000000000000000010000000 /* Build configuration list for PBXProject "tally" */ = {
			isa = XCConfigurationList;
			buildConfigurations = (
				000000000000000011000000 /* Debug configuration for PBXProject "tally" */,
				000000000000000012000000 /* Release configuration for PBXProject "tally" */,
			);
			defaultConfigurationName = Release;
		};
		000000000000000110000000 /* Build configuration list for PBXNativeTarget "tally" */ = {
			isa = XCConfigurationList;
			buildConfigurations = (
				000000000000000111000000 /* Debug configuration for PBXNativeTarget "tally" */,
				000000000000000112000000 /* Release configuration for PBXNativeTarget "tally" */,
			);
			defaultConfigurationName = Release;
		};
		A1000000000000000000001C /* Build configuration list for PBXNativeTarget "TallyWidget" */ = {
			isa = XCConfigurationList;
			buildConfigurations = (
				A1000000000000000000001D /* Debug configuration for PBXNativeTarget "TallyWidget" */,
				A1000000000000000000001E /* Release configuration for PBXNativeTarget "TallyWidget" */,
			);
			defaultConfigurationName = Release;
		};
		A1000000000000000000001F /* Build configuration list for PBXNativeTarget "TallyWatch" */ = {
			isa = XCConfigurationList;
			buildConfigurations = (
				A10000000000000000000020 /* Debug configuration for PBXNativeTarget "TallyWatch" */,
				A10000000000000000000021 /* Release configuration for PBXNativeTarget "TallyWatch" */,
			);
			defaultConfigurationName = Release;
		};
		B20000000000000000000007 /* Build configuration list for PBXNativeTarget "TallyWatchComplications" */ = {
			isa = XCConfigurationList;
			buildConfigurations = (
				B20000000000000000000008 /* Debug configuration for PBXNativeTarget "TallyWatchComplications" */,
				B20000000000000000000009 /* Release configuration for PBXNativeTarget "TallyWatchComplications" */,
			);
			defaultConfigurationName = Release;
		};
		B20000000000000000000017 /* Build configuration list for PBXNativeTarget "tallyTests" */ = {
			isa = XCConfigurationList;
			buildConfigurations = (
				B20000000000000000000018 /* Debug configuration for PBXNativeTarget "tallyTests" */,
				B20000000000000000000019 /* Release configuration for PBXNativeTarget "tallyTests" */,
			);
			defaultConfigurationName = Release;
		};
		B20000000000000000000027 /* Build configuration list for PBXNativeTarget "tallyUITests" */ = {
			isa = XCConfigurationList;
			buildConfigurations = (
				B20000000000000000000028 /* Debug configuration for PBXNativeTarget "tallyUITests" */,
				B20000000000000000000029 /* Release configuration for PBXNativeTarget "tallyUITests" */,
			);
			defaultConfigurationName = Release;
		};
/* End XCConfigurationList section */

/* Begin XCLocalSwiftPackageReference section */
		A10000000000000000000022 /* XCLocalSwiftPackageReference "TallyKit" */ = {
			isa = XCLocalSwiftPackageReference;
			relativePath = TallyKit;
		};
/* End XCLocalSwiftPackageReference section */

/* Begin XCSwiftPackageProductDependency section */
		A10000000000000000000023 /* TallyKit */ = {
			isa = XCSwiftPackageProductDependency;
			productName = TallyKit;
		};
		A10000000000000000000024 /* TallyKit */ = {
			isa = XCSwiftPackageProductDependency;
			productName = TallyKit;
		};
		A10000000000000000000025 /* TallyKit */ = {
			isa = XCSwiftPackageProductDependency;
			productName = TallyKit;
		};
		B2000000000000000000000A /* TallyKit */ = {
			isa = XCSwiftPackageProductDependency;
			productName = TallyKit;
		};
		B2000000000000000000001A /* TallyKit */ = {
			isa = XCSwiftPackageProductDependency;
			productName = TallyKit;
		};
/* End XCSwiftPackageProductDependency section */
	};
	rootObject = 000000000000000000000000 /* Project object */;
}
